{
    "version": "0.5",
    "requires": [
        "zlib/1.3.1#cac0f6daea041b0ccf42934163defb20%1765284699.337",
        "spdlog/1.17.0#bcbaaf7147bda6ad24ffbd1ac3d7142c%1767636069.964",
        "re2/20251105#8579cfd0bda4daf0683f9e3898f964b4%1772560729.95",
        "protobuf/6.33.5#d96d52ba5baaaa532f47bda866ad87a5%1773224203.27",
        "openssl/3.6.2#36f92686a9285adfe2ccd1c1dbf9ea35%1775635547.022",
        "nlohmann_json/3.12.0#2d634ab0ec8d9f56353e5ccef6d6612c%1744735883.94",
        "libssh2/1.11.1#f96f381452c195e48da48b78ad4fc82f%1743424231.27",
        "grpc/1.78.1#b1a9e74b145cc471bed4dc64dc6eb2c1%1772623605.068",
        "fmt/12.1.0#50abab23274d56bb8f42c94b3b9a40c7%1761885265.231",
        "crowcpp-crow/1.3.0#33d33f4f5364b02670c257aeebec4f82%1762886766.263",
        "cpp-httplib/0.39.0#034a1d73b584c90da8ecc35d6fd277cf%1774519798.21",
        "c-ares/1.34.6#545240bb1c40e2cacd4362d6b8967650%1766500685.317",
        "asio/1.29.0#52d17a857aa6f978d8c17d7c38eae5ad%1702236346.321",
        "abseil/20250127.0#4242e8b46c00cdfbeb976f3d02990ba6%1761741491.734"
    ],
    "build_requires": [
        "zlib/1.3.1#cac0f6daea041b0ccf42934163defb20%1765284699.337",
        "protobuf/6.33.5#d96d52ba5baaaa532f47bda866ad87a5%1773224203.27",
        "cmake/3.31.10#313d16a1aa16bbdb2ca0792467214b76%1763665505.054",
        "abseil/20250127.0#4242e8b46c00cdfbeb976f3d02990ba6%1761741491.734"
    ],
    "python_requires": [],
    "config_requires": []
}
